{
    "_readme": [
        "This file locks the dependencies of your project to a known state",
        "Read more about it at https://getcomposer.org/doc/01-basic-usage.md#installing-dependencies",
        "This file is @generated automatically"
    ],
    "content-hash": "0ed3e118558344701e5f10feaa99033d",
    "packages": [
        {
            "name": "dealerdirect/phpcodesniffer-composer-installer",
            "version": "v0.5.0",
            "source": {
                "type": "git",
                "url": "https://github.com/Dealerdirect/phpcodesniffer-composer-installer.git",
                "reference": "e749410375ff6fb7a040a68878c656c2e610b132"
            },
            "dist": {
                "type": "zip",
                "url": "https://api.github.com/repos/Dealerdirect/phpcodesniffer-composer-installer/zipball/e749410375ff6fb7a040a68878c656c2e610b132",
                "reference": "e749410375ff6fb7a040a68878c656c2e610b132",
                "shasum": ""
            },
            "require": {
                "composer-plugin-api": "^1.0",
                "php": "^5.3|^7",
                "squizlabs/php_codesniffer": "^2|^3"
            },
            "require-dev": {
                "composer/composer": "*",
                "phpcompatibility/php-compatibility": "^9.0",
                "sensiolabs/security-checker": "^4.1.0"
            },
            "type": "composer-plugin",
            "extra": {
                "class": "Dealerdirect\\Composer\\Plugin\\Installers\\PHPCodeSniffer\\Plugin"
            },
            "autoload": {
                "psr-4": {
                    "Dealerdirect\\Composer\\Plugin\\Installers\\PHPCodeSniffer\\": "src/"
                }
            },
            "notification-url": "https://packagist.org/downloads/",
            "license": [
                "MIT"
            ],
            "authors": [
                {
                    "name": "Franck Nijhof",
                    "role": "Developer / IT Manager",
                    "email": "franck.nijhof@dealerdirect.com",
                    "homepage": "http://www.frenck.nl"
                }
            ],
            "description": "PHP_CodeSniffer Standards Composer Installer Plugin",
            "homepage": "http://www.dealerdirect.com",
            "keywords": [
                "PHPCodeSniffer",
                "PHP_CodeSniffer",
                "code quality",
                "codesniffer",
                "composer",
                "installer",
                "phpcs",
                "plugin",
                "qa",
                "quality",
                "standard",
                "standards",
                "style guide",
                "stylecheck",
                "tests"
            ],
            "time": "2018-10-26T13:21:45+00:00"
        },
        {
            "name": "drupal/coder",
            "version": "8.3.5",
            "source": {
                "type": "git",
                "url": "https://git.drupal.org/project/coder.git",
                "reference": "35277fc8675b6a2cbb194f8880145a9c85c845c4"
            },
            "require": {
                "ext-mbstring": "*",
                "php": ">=5.5.9",
                "squizlabs/php_codesniffer": "^3.4.1",
                "symfony/yaml": ">=2.0.5"
            },
            "require-dev": {
                "phpunit/phpunit": ">=3.7 <6"
            },
            "type": "phpcodesniffer-standard",
            "autoload": {
                "psr-0": {
                    "Drupal\\": "coder_sniffer/Drupal/",
                    "DrupalPractice\\": "coder_sniffer/DrupalPractice/"
                }
            },
            "notification-url": "https://packagist.org/downloads/",
            "license": [
                "GPL-2.0+"
            ],
            "description": "Coder is a library to review Drupal code.",
            "homepage": "https://www.drupal.org/project/coder",
            "keywords": [
                "code review",
                "phpcs",
                "standards"
            ],
            "time": "2019-06-14T15:06:06+00:00"
        },
        {
            "name": "pheromone/phpcs-security-audit",
            "version": "2.0.1",
            "source": {
                "type": "git",
                "url": "https://github.com/FloeDesignTechnologies/phpcs-security-audit.git",
                "reference": "68a6c53a57156a5efb2073b1eb3f2d79a46c9dc2"
            },
            "dist": {
                "type": "zip",
                "url": "https://api.github.com/repos/FloeDesignTechnologies/phpcs-security-audit/zipball/68a6c53a57156a5efb2073b1eb3f2d79a46c9dc2",
                "reference": "68a6c53a57156a5efb2073b1eb3f2d79a46c9dc2",
                "shasum": ""
            },
            "require": {
                "php": ">=5.4",
                "squizlabs/php_codesniffer": ">3.0"
            },
            "type": "phpcodesniffer-standard",
            "autoload": {
                "psr-4": {
                    "PHPCS_SecurityAudit\\": "Security/"
                }
            },
            "notification-url": "https://packagist.org/downloads/",
            "license": [
                "GPL-3.0-or-later"
            ],
            "authors": [
                {
                    "name": "Jonathan Marcil",
                    "homepage": "https://twitter.com/jonathanmarcil"
                }
            ],
            "description": "phpcs-security-audit is a set of PHP_CodeSniffer rules that finds vulnerabilities and weaknesses related to security in PHP code",
            "time": "2019-08-05T19:34:55+00:00"
        },
        {
            "name": "phpcompatibility/php-compatibility",
            "version": "9.2.0",
            "source": {
                "type": "git",
                "url": "https://github.com/PHPCompatibility/PHPCompatibility.git",
                "reference": "3db1bf1e28123fd574a4ae2e9a84072826d51b5e"
            },
            "dist": {
                "type": "zip",
                "url": "https://api.github.com/repos/PHPCompatibility/PHPCompatibility/zipball/3db1bf1e28123fd574a4ae2e9a84072826d51b5e",
                "reference": "3db1bf1e28123fd574a4ae2e9a84072826d51b5e",
                "shasum": ""
            },
            "require": {
                "php": ">=5.3",
                "squizlabs/php_codesniffer": "^2.3 || ^3.0.2"
            },
            "conflict": {
                "squizlabs/php_codesniffer": "2.6.2"
            },
            "require-dev": {
                "phpunit/phpunit": "~4.5 || ^5.0 || ^6.0 || ^7.0"
            },
            "suggest": {
                "dealerdirect/phpcodesniffer-composer-installer": "^0.5 || This Composer plugin will sort out the PHPCS 'installed_paths' automatically.",
                "roave/security-advisories": "dev-master || Helps prevent installing dependencies with known security issues."
            },
            "type": "phpcodesniffer-standard",
            "notification-url": "https://packagist.org/downloads/",
            "license": [
                "LGPL-3.0-or-later"
            ],
            "authors": [
                {
                    "name": "Contributors",
                    "homepage": "https://github.com/PHPCompatibility/PHPCompatibility/graphs/contributors"
                },
                {
                    "name": "Wim Godden",
                    "role": "lead",
                    "homepage": "https://github.com/wimg"
                },
                {
                    "name": "Juliette Reinders Folmer",
                    "role": "lead",
                    "homepage": "https://github.com/jrfnl"
                }
            ],
            "description": "A set of sniffs for PHP_CodeSniffer that checks for PHP cross-version compatibility.",
            "homepage": "http://techblog.wimgodden.be/tag/codesniffer/",
            "keywords": [
                "compatibility",
                "phpcs",
                "standards"
            ],
            "time": "2019-06-27T19:58:56+00:00"
        },
        {
            "name": "squizlabs/php_codesniffer",
            "version": "3.4.2",
            "source": {
                "type": "git",
                "url": "https://github.com/squizlabs/PHP_CodeSniffer.git",
                "reference": "b8a7362af1cc1aadb5bd36c3defc4dda2cf5f0a8"
            },
            "dist": {
                "type": "zip",
                "url": "https://api.github.com/repos/squizlabs/PHP_CodeSniffer/zipball/b8a7362af1cc1aadb5bd36c3defc4dda2cf5f0a8",
                "reference": "b8a7362af1cc1aadb5bd36c3defc4dda2cf5f0a8",
                "shasum": ""
            },
            "require": {
                "ext-simplexml": "*",
                "ext-tokenizer": "*",
                "ext-xmlwriter": "*",
                "php": ">=5.4.0"
            },
            "require-dev": {
                "phpunit/phpunit": "^4.0 || ^5.0 || ^6.0 || ^7.0"
            },
            "bin": [
                "bin/phpcs",
                "bin/phpcbf"
            ],
            "type": "library",
            "extra": {
                "branch-alias": {
                    "dev-master": "3.x-dev"
                }
            },
            "notification-url": "https://packagist.org/downloads/",
            "license": [
                "BSD-3-Clause"
            ],
            "authors": [
                {
                    "name": "Greg Sherwood",
                    "role": "lead"
                }
            ],
            "description": "PHP_CodeSniffer tokenizes PHP, JavaScript and CSS files and detects violations of a defined set of coding standards.",
            "homepage": "https://github.com/squizlabs/PHP_CodeSniffer",
            "keywords": [
                "phpcs",
                "standards"
            ],
            "time": "2019-04-10T23:49:02+00:00"
        },
        {
            "name": "symfony/polyfill-ctype",
            "version": "v1.12.0",
            "source": {
                "type": "git",
                "url": "https://github.com/symfony/polyfill-ctype.git",
                "reference": "550ebaac289296ce228a706d0867afc34687e3f4"
            },
            "dist": {
                "type": "zip",
                "url": "https://api.github.com/repos/symfony/polyfill-ctype/zipball/550ebaac289296ce228a706d0867afc34687e3f4",
                "reference": "550ebaac289296ce228a706d0867afc34687e3f4",
                "shasum": ""
            },
            "require": {
                "php": ">=5.3.3"
            },
            "suggest": {
                "ext-ctype": "For best performance"
            },
            "type": "library",
            "extra": {
                "branch-alias": {
                    "dev-master": "1.12-dev"
                }
            },
            "autoload": {
                "psr-4": {
                    "Symfony\\Polyfill\\Ctype\\": ""
                },
                "files": [
                    "bootstrap.php"
                ]
            },
            "notification-url": "https://packagist.org/downloads/",
            "license": [
                "MIT"
            ],
            "authors": [
                {
                    "name": "Gert de Pagter",
                    "email": "BackEndTea@gmail.com"
                },
                {
                    "name": "Symfony Community",
                    "homepage": "https://symfony.com/contributors"
                }
            ],
            "description": "Symfony polyfill for ctype functions",
            "homepage": "https://symfony.com",
            "keywords": [
                "compatibility",
                "ctype",
                "polyfill",
                "portable"
            ],
            "time": "2019-08-06T08:03:45+00:00"
        },
        {
            "name": "symfony/yaml",
            "version": "v4.3.3",
            "source": {
                "type": "git",
                "url": "https://github.com/symfony/yaml.git",
                "reference": "34d29c2acd1ad65688f58452fd48a46bd996d5a6"
            },
            "dist": {
                "type": "zip",
                "url": "https://api.github.com/repos/symfony/yaml/zipball/34d29c2acd1ad65688f58452fd48a46bd996d5a6",
                "reference": "34d29c2acd1ad65688f58452fd48a46bd996d5a6",
                "shasum": ""
            },
            "require": {
                "php": "^7.1.3",
                "symfony/polyfill-ctype": "~1.8"
            },
            "conflict": {
                "symfony/console": "<3.4"
            },
            "require-dev": {
                "symfony/console": "~3.4|~4.0"
            },
            "suggest": {
                "symfony/console": "For validating YAML files using the lint command"
            },
            "type": "library",
            "extra": {
                "branch-alias": {
                    "dev-master": "4.3-dev"
                }
            },
            "autoload": {
                "psr-4": {
                    "Symfony\\Component\\Yaml\\": ""
                },
                "exclude-from-classmap": [
                    "/Tests/"
                ]
            },
            "notification-url": "https://packagist.org/downloads/",
            "license": [
                "MIT"
            ],
            "authors": [
                {
                    "name": "Fabien Potencier",
                    "email": "fabien@symfony.com"
                },
                {
                    "name": "Symfony Community",
                    "homepage": "https://symfony.com/contributors"
                }
            ],
            "description": "Symfony Yaml Component",
            "homepage": "https://symfony.com",
            "time": "2019-07-24T14:47:54+00:00"
        }
    ],
    "packages-dev": [],
    "aliases": [],
    "minimum-stability": "stable",
    "stability-flags": [],
    "prefer-stable": false,
    "prefer-lowest": false,
    "platform": [],
    "platform-dev": []
}
